
Microsoft Visual Studio Solution File, Format Version 12.00
# Visual Studio Version 16
VisualStudioVersion = 16.0.28803.156
MinimumVisualStudioVersion = 10.0.40219.1
Project("{FAE04EC0-301F-11D3-BF4B-00C04F79EFBC}") = "Boostrap4Snippets", "Boostrap4Snippets\Boostrap4Snippets.csproj", "{81968E7F-069B-46EB-86A9-7BE154BE5C52}"
EndProject
Project("{2150E333-8FDC-42A3-9474-1A3956D46DE8}") = "Items", "Items", "{CE76E916-878C-446B-B1C7-2BC2269E1392}"
	ProjectSection(SolutionItems) = preProject
		change-log.md = change-log.md
		LICENSE.txt = LICENSE.txt
		README.md = README.md
		snippet-listing.md = snippet-listing.md
		visual-studio-marketplace-overview.md = visual-studio-marketplace-overview.md
	EndProjectSection
EndProject
Global
	GlobalSection(SolutionConfigurationPlatforms) = preSolution
		Debug|Any CPU = Debug|Any CPU
		Release|Any CPU = Release|Any CPU
	EndGlobalSection
	GlobalSection(ProjectConfigurationPlatforms) = postSolution
		{81968E7F-069B-46EB-86A9-7BE154BE5C52}.Debug|Any CPU.ActiveCfg = Debug|Any CPU
		{81968E7F-069B-46EB-86A9-7BE154BE5C52}.Debug|Any CPU.Build.0 = Debug|Any CPU
		{81968E7F-069B-46EB-86A9-7BE154BE5C52}.Release|Any CPU.ActiveCfg = Release|Any CPU
		{81968E7F-069B-46EB-86A9-7BE154BE5C52}.Release|Any CPU.Build.0 = Release|Any CPU
	EndGlobalSection
	GlobalSection(SolutionProperties) = preSolution
		HideSolutionNode = FALSE
	EndGlobalSection
	GlobalSection(ExtensibilityGlobals) = postSolution
		SolutionGuid = {228517CC-7AC0-4A71-A9B4-4068B35943D1}
	EndGlobalSection
EndGlobal
